{
  "apps": {
    "com.valvesoftware.SteamLink/x86_64/stable": "85941404406e12178a2493d2ae841e3c88ec5670d2790d089b36f6d20282e5f8",
    "org.vinegarhq.Vinegar/x86_64/stable": "addf1c36ba534d500952e7dcd310b1afc8253670c85d4f078f0623c43d508f5f"
  },
  "runtimes": {
    "runtime/org.freedesktop.Platform.GL.mesa-git/x86_64/25.08": "4c956c6804729d89df2fb2217b979294cc293a21435e78f867edd962d453841b",
    "runtime/org.freedesktop.Platform.GL.nvidia-610-43-03/x86_64/1.4": "0693e9308ae163ede5f64fd3bf5d5ab15809826c34d45bd515ad249b8f053b1a",
    "runtime/org.freedesktop.Platform.GL32.mesa-git/x86_64/25.08": "f5a8e93a4593fa6054a183e7c5705110a6d36b667d6ce38e1f5a4083b94d8a7f",
    "runtime/org.freedesktop.Platform.GL32.nvidia-610-43-03/x86_64/1.4": "057e184d641969acb22ac65269dbb9fd37fda3ce43217a51283daf504232ebfa"
  },
  "version": 1
}
